// !$*UTF8*$!
{
	archiveVersion = 1;
	classes = {
	};
	objectVersion = 56;
	objects = {

/* Begin PBXBuildFile section */
		6923791E2B898FF000167287 /* MockCatRepository.swift in Sources */ = {isa = PBXBuildFile; fileRef = 6923791D2B898FF000167287 /* MockCatRepository.swift */; };
		692379202B89900F00167287 /* Cat+Extension.swift in Sources */ = {isa = PBXBuildFile; fileRef = 6923791F2B89900F00167287 /* Cat+Extension.swift */; };
		692379222B89976E00167287 /* CatAPITests.swift in Sources */ = {isa = PBXBuildFile; fileRef = 692379212B89976E00167287 /* CatAPITests.swift */; };
		692379242B89978200167287 /* MockURLSession.swift in Sources */ = {isa = PBXBuildFile; fileRef = 692379232B89978200167287 /* MockURLSession.swift */; };
		692379262B899DCB00167287 /* CatLocalStorageTests.swift in Sources */ = {isa = PBXBuildFile; fileRef = 692379252B899DCB00167287 /* CatLocalStorageTests.swift */; };
		692379292B899ED600167287 /* MockCatAPI.swift in Sources */ = {isa = PBXBuildFile; fileRef = 692379282B899ED600167287 /* MockCatAPI.swift */; };
		6923792B2B899EF200167287 /* MockCatLocalStorage.swift in Sources */ = {isa = PBXBuildFile; fileRef = 6923792A2B899EF200167287 /* MockCatLocalStorage.swift */; };
		6923792D2B89A1DF00167287 /* Theme.swift in Sources */ = {isa = PBXBuildFile; fileRef = 6923792C2B89A1DF00167287 /* Theme.swift */; };
		6923792F2B89AC6900167287 /* Card.swift in Sources */ = {isa = PBXBuildFile; fileRef = 6923792E2B89AC6900167287 /* Card.swift */; };
		692379312B89ACA100167287 /* String+Extension.swift in Sources */ = {isa = PBXBuildFile; fileRef = 692379302B89ACA100167287 /* String+Extension.swift */; };
		692379332B89ACCD00167287 /* NameGeneratorTests.swift in Sources */ = {isa = PBXBuildFile; fileRef = 692379322B89ACCD00167287 /* NameGeneratorTests.swift */; };
		692379352B89B9DB00167287 /* TagsView.swift in Sources */ = {isa = PBXBuildFile; fileRef = 692379342B89B9DB00167287 /* TagsView.swift */; };
		695032852B89528A00A6CB56 /* Kingfisher in Frameworks */ = {isa = PBXBuildFile; productRef = 695032842B89528A00A6CB56 /* Kingfisher */; };
		69AF5F772B8CDFA6003C4E41 /* ListPageViewModelTests.swift in Sources */ = {isa = PBXBuildFile; fileRef = 69AF5F762B8CDFA6003C4E41 /* ListPageViewModelTests.swift */; };
		69AF5F792B8CE557003C4E41 /* DetailPageViewModelTests.swift in Sources */ = {isa = PBXBuildFile; fileRef = 69AF5F782B8CE557003C4E41 /* DetailPageViewModelTests.swift */; };
		69AF5F7B2B8CF5C8003C4E41 /* MockKingfisherManager.swift in Sources */ = {isa = PBXBuildFile; fileRef = 69AF5F7A2B8CF5C8003C4E41 /* MockKingfisherManager.swift */; };
		69AF5F7D2B8CF5F1003C4E41 /* MockImageSaver.swift in Sources */ = {isa = PBXBuildFile; fileRef = 69AF5F7C2B8CF5F1003C4E41 /* MockImageSaver.swift */; };
		69AF5F7F2B8CF667003C4E41 /* KingfisherManager+Extension.swift in Sources */ = {isa = PBXBuildFile; fileRef = 69AF5F7E2B8CF667003C4E41 /* KingfisherManager+Extension.swift */; };
		69D777CE2B8AF8C500E8E7DA /* ImageSaver.swift in Sources */ = {isa = PBXBuildFile; fileRef = 69D777CD2B8AF8C500E8E7DA /* ImageSaver.swift */; };
		69D777D42B8AFC1600E8E7DA /* Binding+Extension.swift in Sources */ = {isa = PBXBuildFile; fileRef = 69D777D32B8AFC1600E8E7DA /* Binding+Extension.swift */; };
		69D777D62B8BCB9300E8E7DA /* CatDetailContent.swift in Sources */ = {isa = PBXBuildFile; fileRef = 69D777D52B8BCB9300E8E7DA /* CatDetailContent.swift */; };
		69D777D82B8BCD3A00E8E7DA /* View+Extension.swift in Sources */ = {isa = PBXBuildFile; fileRef = 69D777D72B8BCD3A00E8E7DA /* View+Extension.swift */; };
		69D777DC2B8C2C0000E8E7DA /* KingfisherImageView.swift in Sources */ = {isa = PBXBuildFile; fileRef = 69D777DB2B8C2C0000E8E7DA /* KingfisherImageView.swift */; };
		69D777DF2B8CA21000E8E7DA /* DIContainer.swift in Sources */ = {isa = PBXBuildFile; fileRef = 69D777DE2B8CA21000E8E7DA /* DIContainer.swift */; };
		69D777E22B8CA7DF00E8E7DA /* Alert.swift in Sources */ = {isa = PBXBuildFile; fileRef = 69D777E12B8CA7DF00E8E7DA /* Alert.swift */; };
		69D777E42B8CA8B200E8E7DA /* CatAPIEndpoints.swift in Sources */ = {isa = PBXBuildFile; fileRef = 69D777E32B8CA8B200E8E7DA /* CatAPIEndpoints.swift */; };
		69D777E62B8CAD1000E8E7DA /* StringExtensionTests.swift in Sources */ = {isa = PBXBuildFile; fileRef = 69D777E52B8CAD1000E8E7DA /* StringExtensionTests.swift */; };
		69DB400E2B8A44370010E9AB /* ListPageUITests.swift in Sources */ = {isa = PBXBuildFile; fileRef = 69DB400D2B8A44370010E9AB /* ListPageUITests.swift */; };
		69DB40102B8A47720010E9AB /* ListPageScreen.swift in Sources */ = {isa = PBXBuildFile; fileRef = 69DB400F2B8A47720010E9AB /* ListPageScreen.swift */; };
		69DB401D2B8A9C3E0010E9AB /* SBTUITestTunnelClient in Frameworks */ = {isa = PBXBuildFile; productRef = 69DB401C2B8A9C3E0010E9AB /* SBTUITestTunnelClient */; };
		69DB401F2B8A9C3E0010E9AB /* SBTUITestTunnelServer in Frameworks */ = {isa = PBXBuildFile; productRef = 69DB401E2B8A9C3E0010E9AB /* SBTUITestTunnelServer */; };
		69DB40222B8AE41F0010E9AB /* list.json in Resources */ = {isa = PBXBuildFile; fileRef = 69DB40212B8AE41F0010E9AB /* list.json */; };
		69E1FD092B88DBB0003FC8F9 /* AllCatPicsApp.swift in Sources */ = {isa = PBXBuildFile; fileRef = 69E1FD082B88DBB0003FC8F9 /* AllCatPicsApp.swift */; };
		69E1FD0D2B88DBB2003FC8F9 /* Assets.xcassets in Resources */ = {isa = PBXBuildFile; fileRef = 69E1FD0C2B88DBB2003FC8F9 /* Assets.xcassets */; };
		69E1FD112B88DBB2003FC8F9 /* Preview Assets.xcassets in Resources */ = {isa = PBXBuildFile; fileRef = 69E1FD102B88DBB2003FC8F9 /* Preview Assets.xcassets */; };
		69E1FD1B2B88DBB3003FC8F9 /* CatRepositoryTests.swift in Sources */ = {isa = PBXBuildFile; fileRef = 69E1FD1A2B88DBB3003FC8F9 /* CatRepositoryTests.swift */; };
		69E1FD272B88DBB3003FC8F9 /* AllCatPicsUITestsLaunchTests.swift in Sources */ = {isa = PBXBuildFile; fileRef = 69E1FD262B88DBB3003FC8F9 /* AllCatPicsUITestsLaunchTests.swift */; };
		69E1FD342B88DF3F003FC8F9 /* Cat.swift in Sources */ = {isa = PBXBuildFile; fileRef = 69E1FD332B88DF3F003FC8F9 /* Cat.swift */; };
		69E1FD382B88DFB5003FC8F9 /* CatAPI.swift in Sources */ = {isa = PBXBuildFile; fileRef = 69E1FD372B88DFB5003FC8F9 /* CatAPI.swift */; };
		69E1FD3B2B88DFFA003FC8F9 /* CatLocalStorage.swift in Sources */ = {isa = PBXBuildFile; fileRef = 69E1FD3A2B88DFFA003FC8F9 /* CatLocalStorage.swift */; };
		69E1FD3E2B88E01D003FC8F9 /* CatRepository.swift in Sources */ = {isa = PBXBuildFile; fileRef = 69E1FD3D2B88E01D003FC8F9 /* CatRepository.swift */; };
		69E1FD422B88E053003FC8F9 /* ListPageViewModel.swift in Sources */ = {isa = PBXBuildFile; fileRef = 69E1FD412B88E053003FC8F9 /* ListPageViewModel.swift */; };
		69E1FD452B88E06F003FC8F9 /* DetailPageViewModel.swift in Sources */ = {isa = PBXBuildFile; fileRef = 69E1FD442B88E06F003FC8F9 /* DetailPageViewModel.swift */; };
		69E1FD472B88E089003FC8F9 /* ListPage.swift in Sources */ = {isa = PBXBuildFile; fileRef = 69E1FD462B88E089003FC8F9 /* ListPage.swift */; };
		69E1FD492B88E0A6003FC8F9 /* DetailPage.swift in Sources */ = {isa = PBXBuildFile; fileRef = 69E1FD482B88E0A6003FC8F9 /* DetailPage.swift */; };
/* End PBXBuildFile section */

/* Begin PBXContainerItemProxy section */
		69E1FD172B88DBB3003FC8F9 /* PBXContainerItemProxy */ = {
			isa = PBXContainerItemProxy;
			containerPortal = 69E1FCFD2B88DBB0003FC8F9 /* Project object */;
			proxyType = 1;
			remoteGlobalIDString = 69E1FD042B88DBB0003FC8F9;
			remoteInfo = AllCatPics;
		};
		69E1FD212B88DBB3003FC8F9 /* PBXContainerItemProxy */ = {
			isa = PBXContainerItemProxy;
			containerPortal = 69E1FCFD2B88DBB0003FC8F9 /* Project object */;
			proxyType = 1;
			remoteGlobalIDString = 69E1FD042B88DBB0003FC8F9;
			remoteInfo = AllCatPics;
		};
/* End PBXContainerItemProxy section */

/* Begin PBXFileReference section */
		6923791D2B898FF000167287 /* MockCatRepository.swift */ = {isa = PBXFileReference; lastKnownFileType = sourcecode.swift; path = MockCatRepository.swift; sourceTree = "<group>"; };
		6923791F2B89900F00167287 /* Cat+Extension.swift */ = {isa = PBXFileReference; lastKnownFileType = sourcecode.swift; path = "Cat+Extension.swift"; sourceTree = "<group>"; };
		692379212B89976E00167287 /* CatAPITests.swift */ = {isa = PBXFileReference; lastKnownFileType = sourcecode.swift; path = CatAPITests.swift; sourceTree = "<group>"; };
		692379232B89978200167287 /* MockURLSession.swift */ = {isa = PBXFileReference; lastKnownFileType = sourcecode.swift; path = MockURLSession.swift; sourceTree = "<group>"; };
		692379252B899DCB00167287 /* CatLocalStorageTests.swift */ = {isa = PBXFileReference; lastKnownFileType = sourcecode.swift; path = CatLocalStorageTests.swift; sourceTree = "<group>"; };
		692379282B899ED600167287 /* MockCatAPI.swift */ = {isa = PBXFileReference; lastKnownFileType = sourcecode.swift; path = MockCatAPI.swift; sourceTree = "<group>"; };
		6923792A2B899EF200167287 /* MockCatLocalStorage.swift */ = {isa = PBXFileReference; lastKnownFileType = sourcecode.swift; path = MockCatLocalStorage.swift; sourceTree = "<group>"; };
		6923792C2B89A1DF00167287 /* Theme.swift */ = {isa = PBXFileReference; lastKnownFileType = sourcecode.swift; path = Theme.swift; sourceTree = "<group>"; };
		6923792E2B89AC6900167287 /* Card.swift */ = {isa = PBXFileReference; lastKnownFileType = sourcecode.swift; path = Card.swift; sourceTree = "<group>"; };
		692379302B89ACA100167287 /* String+Extension.swift */ = {isa = PBXFileReference; lastKnownFileType = sourcecode.swift; path = "String+Extension.swift"; sourceTree = "<group>"; };
		692379322B89ACCD00167287 /* NameGeneratorTests.swift */ = {isa = PBXFileReference; lastKnownFileType = sourcecode.swift; path = NameGeneratorTests.swift; sourceTree = "<group>"; };
		692379342B89B9DB00167287 /* TagsView.swift */ = {isa = PBXFileReference; lastKnownFileType = sourcecode.swift; path = TagsView.swift; sourceTree = "<group>"; };
		69AF5F762B8CDFA6003C4E41 /* ListPageViewModelTests.swift */ = {isa = PBXFileReference; lastKnownFileType = sourcecode.swift; path = ListPageViewModelTests.swift; sourceTree = "<group>"; };
		69AF5F782B8CE557003C4E41 /* DetailPageViewModelTests.swift */ = {isa = PBXFileReference; lastKnownFileType = sourcecode.swift; path = DetailPageViewModelTests.swift; sourceTree = "<group>"; };
		69AF5F7A2B8CF5C8003C4E41 /* MockKingfisherManager.swift */ = {isa = PBXFileReference; lastKnownFileType = sourcecode.swift; path = MockKingfisherManager.swift; sourceTree = "<group>"; };
		69AF5F7C2B8CF5F1003C4E41 /* MockImageSaver.swift */ = {isa = PBXFileReference; lastKnownFileType = sourcecode.swift; path = MockImageSaver.swift; sourceTree = "<group>"; };
		69AF5F7E2B8CF667003C4E41 /* KingfisherManager+Extension.swift */ = {isa = PBXFileReference; lastKnownFileType = sourcecode.swift; path = "KingfisherManager+Extension.swift"; sourceTree = "<group>"; };
		69D777CD2B8AF8C500E8E7DA /* ImageSaver.swift */ = {isa = PBXFileReference; lastKnownFileType = sourcecode.swift; path = ImageSaver.swift; sourceTree = "<group>"; };
		69D777D32B8AFC1600E8E7DA /* Binding+Extension.swift */ = {isa = PBXFileReference; lastKnownFileType = sourcecode.swift; path = "Binding+Extension.swift"; sourceTree = "<group>"; };
		69D777D52B8BCB9300E8E7DA /* CatDetailContent.swift */ = {isa = PBXFileReference; lastKnownFileType = sourcecode.swift; path = CatDetailContent.swift; sourceTree = "<group>"; };
		69D777D72B8BCD3A00E8E7DA /* View+Extension.swift */ = {isa = PBXFileReference; lastKnownFileType = sourcecode.swift; path = "View+Extension.swift"; sourceTree = "<group>"; };
		69D777DB2B8C2C0000E8E7DA /* KingfisherImageView.swift */ = {isa = PBXFileReference; lastKnownFileType = sourcecode.swift; path = KingfisherImageView.swift; sourceTree = "<group>"; };
		69D777DE2B8CA21000E8E7DA /* DIContainer.swift */ = {isa = PBXFileReference; lastKnownFileType = sourcecode.swift; path = DIContainer.swift; sourceTree = "<group>"; };
		69D777E12B8CA7DF00E8E7DA /* Alert.swift */ = {isa = PBXFileReference; lastKnownFileType = sourcecode.swift; path = Alert.swift; sourceTree = "<group>"; };
		69D777E32B8CA8B200E8E7DA /* CatAPIEndpoints.swift */ = {isa = PBXFileReference; lastKnownFileType = sourcecode.swift; path = CatAPIEndpoints.swift; sourceTree = "<group>"; };
		69D777E52B8CAD1000E8E7DA /* StringExtensionTests.swift */ = {isa = PBXFileReference; lastKnownFileType = sourcecode.swift; path = StringExtensionTests.swift; sourceTree = "<group>"; };
		69DB400D2B8A44370010E9AB /* ListPageUITests.swift */ = {isa = PBXFileReference; lastKnownFileType = sourcecode.swift; path = ListPageUITests.swift; sourceTree = "<group>"; };
		69DB400F2B8A47720010E9AB /* ListPageScreen.swift */ = {isa = PBXFileReference; lastKnownFileType = sourcecode.swift; path = ListPageScreen.swift; sourceTree = "<group>"; };
		69DB40212B8AE41F0010E9AB /* list.json */ = {isa = PBXFileReference; lastKnownFileType = text.json; path = list.json; sourceTree = "<group>"; };
		69E1FD052B88DBB0003FC8F9 /* AllCatPics.app */ = {isa = PBXFileReference; explicitFileType = wrapper.application; includeInIndex = 0; path = AllCatPics.app; sourceTree = BUILT_PRODUCTS_DIR; };
		69E1FD082B88DBB0003FC8F9 /* AllCatPicsApp.swift */ = {isa = PBXFileReference; lastKnownFileType = sourcecode.swift; path = AllCatPicsApp.swift; sourceTree = "<group>"; };
		69E1FD0C2B88DBB2003FC8F9 /* Assets.xcassets */ = {isa = PBXFileReference; lastKnownFileType = folder.assetcatalog; path = Assets.xcassets; sourceTree = "<group>"; };
		69E1FD0E2B88DBB2003FC8F9 /* AllCatPics.entitlements */ = {isa = PBXFileReference; lastKnownFileType = text.plist.entitlements; path = AllCatPics.entitlements; sourceTree = "<group>"; };
		69E1FD102B88DBB2003FC8F9 /* Preview Assets.xcassets */ = {isa = PBXFileReference; lastKnownFileType = folder.assetcatalog; path = "Preview Assets.xcassets"; sourceTree = "<group>"; };
		69E1FD162B88DBB3003FC8F9 /* AllCatPicsTests.xctest */ = {isa = PBXFileReference; explicitFileType = wrapper.cfbundle; includeInIndex = 0; path = AllCatPicsTests.xctest; sourceTree = BUILT_PRODUCTS_DIR; };
		69E1FD1A2B88DBB3003FC8F9 /* CatRepositoryTests.swift */ = {isa = PBXFileReference; lastKnownFileType = sourcecode.swift; path = CatRepositoryTests.swift; sourceTree = "<group>"; };
		69E1FD202B88DBB3003FC8F9 /* AllCatPicsUITests.xctest */ = {isa = PBXFileReference; explicitFileType = wrapper.cfbundle; includeInIndex = 0; path = AllCatPicsUITests.xctest; sourceTree = BUILT_PRODUCTS_DIR; };
		69E1FD262B88DBB3003FC8F9 /* AllCatPicsUITestsLaunchTests.swift */ = {isa = PBXFileReference; lastKnownFileType = sourcecode.swift; path = AllCatPicsUITestsLaunchTests.swift; sourceTree = "<group>"; };
		69E1FD332B88DF3F003FC8F9 /* Cat.swift */ = {isa = PBXFileReference; lastKnownFileType = sourcecode.swift; path = Cat.swift; sourceTree = "<group>"; };
		69E1FD372B88DFB5003FC8F9 /* CatAPI.swift */ = {isa = PBXFileReference; lastKnownFileType = sourcecode.swift; path = CatAPI.swift; sourceTree = "<group>"; };
		69E1FD3A2B88DFFA003FC8F9 /* CatLocalStorage.swift */ = {isa = PBXFileReference; lastKnownFileType = sourcecode.swift; path = CatLocalStorage.swift; sourceTree = "<group>"; };
		69E1FD3D2B88E01D003FC8F9 /* CatRepository.swift */ = {isa = PBXFileReference; lastKnownFileType = sourcecode.swift; path = CatRepository.swift; sourceTree = "<group>"; };
		69E1FD412B88E053003FC8F9 /* ListPageViewModel.swift */ = {isa = PBXFileReference; lastKnownFileType = sourcecode.swift; path = ListPageViewModel.swift; sourceTree = "<group>"; };
		69E1FD442B88E06F003FC8F9 /* DetailPageViewModel.swift */ = {isa = PBXFileReference; lastKnownFileType = sourcecode.swift; path = DetailPageViewModel.swift; sourceTree = "<group>"; };
		69E1FD462B88E089003FC8F9 /* ListPage.swift */ = {isa = PBXFileReference; lastKnownFileType = sourcecode.swift; path = ListPage.swift; sourceTree = "<group>"; };
		69E1FD482B88E0A6003FC8F9 /* DetailPage.swift */ = {isa = PBXFileReference; lastKnownFileType = sourcecode.swift; path = DetailPage.swift; sourceTree = "<group>"; };
/* End PBXFileReference section */

/* Begin PBXFrameworksBuildPhase section */
		69E1FD022B88DBB0003FC8F9 /* Frameworks */ = {
			isa = PBXFrameworksBuildPhase;
			buildActionMask = 2147483647;
			files = (
				695032852B89528A00A6CB56 /* Kingfisher in Frameworks */,
				69DB401F2B8A9C3E0010E9AB /* SBTUITestTunnelServer in Frameworks */,
			);
			runOnlyForDeploymentPostprocessing = 0;
		};
		69E1FD132B88DBB3003FC8F9 /* Frameworks */ = {
			isa = PBXFrameworksBuildPhase;
			buildActionMask = 2147483647;
			files = (
			);
			runOnlyForDeploymentPostprocessing = 0;
		};
		69E1FD1D2B88DBB3003FC8F9 /* Frameworks */ = {
			isa = PBXFrameworksBuildPhase;
			buildActionMask = 2147483647;
			files = (
				69DB401D2B8A9C3E0010E9AB /* SBTUITestTunnelClient in Frameworks */,
			);
			runOnlyForDeploymentPostprocessing = 0;
		};
/* End PBXFrameworksBuildPhase section */

/* Begin PBXGroup section */
		692379272B899EC200167287 /* Mocks */ = {
			isa = PBXGroup;
			children = (
				6923791D2B898FF000167287 /* MockCatRepository.swift */,
				6923791F2B89900F00167287 /* Cat+Extension.swift */,
				692379232B89978200167287 /* MockURLSession.swift */,
				692379282B899ED600167287 /* MockCatAPI.swift */,
				6923792A2B899EF200167287 /* MockCatLocalStorage.swift */,
				69AF5F7A2B8CF5C8003C4E41 /* MockKingfisherManager.swift */,
				69AF5F7C2B8CF5F1003C4E41 /* MockImageSaver.swift */,
			);
			path = Mocks;
			sourceTree = "<group>";
		};
		69AF5F802B8CF71E003C4E41 /* Presentation */ = {
			isa = PBXGroup;
			children = (
				69AF5F832B8CF755003C4E41 /* Common */,
				69AF5F762B8CDFA6003C4E41 /* ListPageViewModelTests.swift */,
				69AF5F782B8CE557003C4E41 /* DetailPageViewModelTests.swift */,
			);
			path = Presentation;
			sourceTree = "<group>";
		};
		69AF5F812B8CF73D003C4E41 /* Domain */ = {
			isa = PBXGroup;
			children = (
				69E1FD1A2B88DBB3003FC8F9 /* CatRepositoryTests.swift */,
			);
			path = Domain;
			sourceTree = "<group>";
		};
		69AF5F822B8CF744003C4E41 /* Data */ = {
			isa = PBXGroup;
			children = (
				692379212B89976E00167287 /* CatAPITests.swift */,
				692379252B899DCB00167287 /* CatLocalStorageTests.swift */,
			);
			path = Data;
			sourceTree = "<group>";
		};
		69AF5F832B8CF755003C4E41 /* Common */ = {
			isa = PBXGroup;
			children = (
				692379322B89ACCD00167287 /* NameGeneratorTests.swift */,
				69D777E52B8CAD1000E8E7DA /* StringExtensionTests.swift */,
			);
			path = Common;
			sourceTree = "<group>";
		};
		69D777D92B8BCD9900E8E7DA /* Extension */ = {
			isa = PBXGroup;
			children = (
				69D777D72B8BCD3A00E8E7DA /* View+Extension.swift */,
				69D777D32B8AFC1600E8E7DA /* Binding+Extension.swift */,
				692379302B89ACA100167287 /* String+Extension.swift */,
				69AF5F7E2B8CF667003C4E41 /* KingfisherManager+Extension.swift */,
			);
			path = Extension;
			sourceTree = "<group>";
		};
		69D777DD2B8CA20300E8E7DA /* DI */ = {
			isa = PBXGroup;
			children = (
				69D777DE2B8CA21000E8E7DA /* DIContainer.swift */,
			);
			path = DI;
			sourceTree = "<group>";
		};
		69D777E02B8CA7D100E8E7DA /* Alert */ = {
			isa = PBXGroup;
			children = (
				69D777E12B8CA7DF00E8E7DA /* Alert.swift */,
			);
			path = Alert;
			sourceTree = "<group>";
		};
		69D777E72B8CADC400E8E7DA /* Common */ = {
			isa = PBXGroup;
			children = (
				69D777D92B8BCD9900E8E7DA /* Extension */,
				69D777E02B8CA7D100E8E7DA /* Alert */,
				6923792C2B89A1DF00167287 /* Theme.swift */,
				69D777DB2B8C2C0000E8E7DA /* KingfisherImageView.swift */,
				69D777CD2B8AF8C500E8E7DA /* ImageSaver.swift */,
			);
			path = Common;
			sourceTree = "<group>";
		};
		69E1FCFC2B88DBB0003FC8F9 = {
			isa = PBXGroup;
			children = (
				69E1FD072B88DBB0003FC8F9 /* AllCatPics */,
				69E1FD192B88DBB3003FC8F9 /* AllCatPicsTests */,
				69E1FD232B88DBB3003FC8F9 /* AllCatPicsUITests */,
				69E1FD062B88DBB0003FC8F9 /* Products */,
			);
			sourceTree = "<group>";
		};
		69E1FD062B88DBB0003FC8F9 /* Products */ = {
			isa = PBXGroup;
			children = (
				69E1FD052B88DBB0003FC8F9 /* AllCatPics.app */,
				69E1FD162B88DBB3003FC8F9 /* AllCatPicsTests.xctest */,
				69E1FD202B88DBB3003FC8F9 /* AllCatPicsUITests.xctest */,
			);
			name = Products;
			sourceTree = "<group>";
		};
		69E1FD072B88DBB0003FC8F9 /* AllCatPics */ = {
			isa = PBXGroup;
			children = (
				69D777DD2B8CA20300E8E7DA /* DI */,
				69E1FD3F2B88E038003FC8F9 /* Presentation */,
				69E1FD3C2B88E00F003FC8F9 /* Domain */,
				69E1FD362B88DFA5003FC8F9 /* Data */,
				69E1FD352B88DF78003FC8F9 /* Model */,
				69E1FD082B88DBB0003FC8F9 /* AllCatPicsApp.swift */,
				69E1FD0C2B88DBB2003FC8F9 /* Assets.xcassets */,
				69E1FD0E2B88DBB2003FC8F9 /* AllCatPics.entitlements */,
				69E1FD0F2B88DBB2003FC8F9 /* Preview Content */,
			);
			path = AllCatPics;
			sourceTree = "<group>";
		};
		69E1FD0F2B88DBB2003FC8F9 /* Preview Content */ = {
			isa = PBXGroup;
			children = (
				69E1FD102B88DBB2003FC8F9 /* Preview Assets.xcassets */,
			);
			path = "Preview Content";
			sourceTree = "<group>";
		};
		69E1FD192B88DBB3003FC8F9 /* AllCatPicsTests */ = {
			isa = PBXGroup;
			children = (
				69AF5F822B8CF744003C4E41 /* Data */,
				69AF5F812B8CF73D003C4E41 /* Domain */,
				69AF5F802B8CF71E003C4E41 /* Presentation */,
				692379272B899EC200167287 /* Mocks */,
			);
			path = AllCatPicsTests;
			sourceTree = "<group>";
		};
		69E1FD232B88DBB3003FC8F9 /* AllCatPicsUITests */ = {
			isa = PBXGroup;
			children = (
				69E1FD262B88DBB3003FC8F9 /* AllCatPicsUITestsLaunchTests.swift */,
				69DB400D2B8A44370010E9AB /* ListPageUITests.swift */,
				69DB400F2B8A47720010E9AB /* ListPageScreen.swift */,
				69DB40212B8AE41F0010E9AB /* list.json */,
			);
			path = AllCatPicsUITests;
			sourceTree = "<group>";
		};
		69E1FD352B88DF78003FC8F9 /* Model */ = {
			isa = PBXGroup;
			children = (
				69E1FD332B88DF3F003FC8F9 /* Cat.swift */,
			);
			path = Model;
			sourceTree = "<group>";
		};
		69E1FD362B88DFA5003FC8F9 /* Data */ = {
			isa = PBXGroup;
			children = (
				69E1FD372B88DFB5003FC8F9 /* CatAPI.swift */,
				69E1FD3A2B88DFFA003FC8F9 /* CatLocalStorage.swift */,
				69D777E32B8CA8B200E8E7DA /* CatAPIEndpoints.swift */,
			);
			path = Data;
			sourceTree = "<group>";
		};
		69E1FD3C2B88E00F003FC8F9 /* Domain */ = {
			isa = PBXGroup;
			children = (
				69E1FD3D2B88E01D003FC8F9 /* CatRepository.swift */,
			);
			path = Domain;
			sourceTree = "<group>";
		};
		69E1FD3F2B88E038003FC8F9 /* Presentation */ = {
			isa = PBXGroup;
			children = (
				69D777E72B8CADC400E8E7DA /* Common */,
				69E1FD432B88E05F003FC8F9 /* Detail */,
				69E1FD402B88E040003FC8F9 /* List */,
			);
			path = Presentation;
			sourceTree = "<group>";
		};
		69E1FD402B88E040003FC8F9 /* List */ = {
			isa = PBXGroup;
			children = (
				69E1FD462B88E089003FC8F9 /* ListPage.swift */,
				69E1FD412B88E053003FC8F9 /* ListPageViewModel.swift */,
				6923792E2B89AC6900167287 /* Card.swift */,
			);
			path = List;
			sourceTree = "<group>";
		};
		69E1FD432B88E05F003FC8F9 /* Detail */ = {
			isa = PBXGroup;
			children = (
				69E1FD442B88E06F003FC8F9 /* DetailPageViewModel.swift */,
				69E1FD482B88E0A6003FC8F9 /* DetailPage.swift */,
				692379342B89B9DB00167287 /* TagsView.swift */,
				69D777D52B8BCB9300E8E7DA /* CatDetailContent.swift */,
			);
			path = Detail;
			sourceTree = "<group>";
		};
/* End PBXGroup section */

/* Begin PBXNativeTarget section */
		69E1FD042B88DBB0003FC8F9 /* AllCatPics */ = {
			isa = PBXNativeTarget;
			buildConfigurationList = 69E1FD2A2B88DBB3003FC8F9 /* Build configuration list for PBXNativeTarget "AllCatPics" */;
			buildPhases = (
				69E1FD012B88DBB0003FC8F9 /* Sources */,
				69E1FD022B88DBB0003FC8F9 /* Frameworks */,
				69E1FD032B88DBB0003FC8F9 /* Resources */,
			);
			buildRules = (
			);
			dependencies = (
			);
			name = AllCatPics;
			packageProductDependencies = (
				695032842B89528A00A6CB56 /* Kingfisher */,
				69DB401E2B8A9C3E0010E9AB /* SBTUITestTunnelServer */,
			);
			productName = AllCatPics;
			productReference = 69E1FD052B88DBB0003FC8F9 /* AllCatPics.app */;
			productType = "com.apple.product-type.application";
		};
		69E1FD152B88DBB3003FC8F9 /* AllCatPicsTests */ = {
			isa = PBXNativeTarget;
			buildConfigurationList = 69E1FD2D2B88DBB3003FC8F9 /* Build configuration list for PBXNativeTarget "AllCatPicsTests" */;
			buildPhases = (
				69E1FD122B88DBB3003FC8F9 /* Sources */,
				69E1FD132B88DBB3003FC8F9 /* Frameworks */,
				69E1FD142B88DBB3003FC8F9 /* Resources */,
			);
			buildRules = (
			);
			dependencies = (
				69E1FD182B88DBB3003FC8F9 /* PBXTargetDependency */,
			);
			name = AllCatPicsTests;
			productName = AllCatPicsTests;
			productReference = 69E1FD162B88DBB3003FC8F9 /* AllCatPicsTests.xctest */;
			productType = "com.apple.product-type.bundle.unit-test";
		};
		69E1FD1F2B88DBB3003FC8F9 /* AllCatPicsUITests */ = {
			isa = PBXNativeTarget;
			buildConfigurationList = 69E1FD302B88DBB3003FC8F9 /* Build configuration list for PBXNativeTarget "AllCatPicsUITests" */;
			buildPhases = (
				69E1FD1C2B88DBB3003FC8F9 /* Sources */,
				69E1FD1D2B88DBB3003FC8F9 /* Frameworks */,
				69E1FD1E2B88DBB3003FC8F9 /* Resources */,
			);
			buildRules = (
			);
			dependencies = (
				69E1FD222B88DBB3003FC8F9 /* PBXTargetDependency */,
			);
			name = AllCatPicsUITests;
			packageProductDependencies = (
				69DB401C2B8A9C3E0010E9AB /* SBTUITestTunnelClient */,
			);
			productName = AllCatPicsUITests;
			productReference = 69E1FD202B88DBB3003FC8F9 /* AllCatPicsUITests.xctest */;
			productType = "com.apple.product-type.bundle.ui-testing";
		};
/* End PBXNativeTarget section */

/* Begin PBXProject section */
		69E1FCFD2B88DBB0003FC8F9 /* Project object */ = {
			isa = PBXProject;
			attributes = {
				BuildIndependentTargetsInParallel = 1;
				LastSwiftUpdateCheck = 1520;
				LastUpgradeCheck = 1520;
				TargetAttributes = {
					69E1FD042B88DBB0003FC8F9 = {
						CreatedOnToolsVersion = 15.2;
					};
					69E1FD152B88DBB3003FC8F9 = {
						CreatedOnToolsVersion = 15.2;
						TestTargetID = 69E1FD042B88DBB0003FC8F9;
					};
					69E1FD1F2B88DBB3003FC8F9 = {
						CreatedOnToolsVersion = 15.2;
						TestTargetID = 69E1FD042B88DBB0003FC8F9;
					};
				};
			};
			buildConfigurationList = 69E1FD002B88DBB0003FC8F9 /* Build configuration list for PBXProject "AllCatPics" */;
			compatibilityVersion = "Xcode 14.0";
			developmentRegion = en;
			hasScannedForEncodings = 0;
			knownRegions = (
				en,
				Base,
			);
			mainGroup = 69E1FCFC2B88DBB0003FC8F9;
			packageReferences = (
				695032832B89528A00A6CB56 /* XCRemoteSwiftPackageReference "Kingfisher" */,
				69DB401B2B8A9C3E0010E9AB /* XCRemoteSwiftPackageReference "SBTUITestTunnel" */,
			);
			productRefGroup = 69E1FD062B88DBB0003FC8F9 /* Products */;
			projectDirPath = "";
			projectRoot = "";
			targets = (
				69E1FD042B88DBB0003FC8F9 /* AllCatPics */,
				69E1FD152B88DBB3003FC8F9 /* AllCatPicsTests */,
				69E1FD1F2B88DBB3003FC8F9 /* AllCatPicsUITests */,
			);
		};
/* End PBXProject section */

/* Begin PBXResourcesBuildPhase section */
		69E1FD032B88DBB0003FC8F9 /* Resources */ = {
			isa = PBXResourcesBuildPhase;
			buildActionMask = 2147483647;
			files = (
				69E1FD112B88DBB2003FC8F9 /* Preview Assets.xcassets in Resources */,
				69E1FD0D2B88DBB2003FC8F9 /* Assets.xcassets in Resources */,
			);
			runOnlyForDeploymentPostprocessing = 0;
		};
		69E1FD142B88DBB3003FC8F9 /* Resources */ = {
			isa = PBXResourcesBuildPhase;
			buildActionMask = 2147483647;
			files = (
			);
			runOnlyForDeploymentPostprocessing = 0;
		};
		69E1FD1E2B88DBB3003FC8F9 /* Resources */ = {
			isa = PBXResourcesBuildPhase;
			buildActionMask = 2147483647;
			files = (
				69DB40222B8AE41F0010E9AB /* list.json in Resources */,
			);
			runOnlyForDeploymentPostprocessing = 0;
		};
/* End PBXResourcesBuildPhase section */

/* Begin PBXSourcesBuildPhase section */
		69E1FD012B88DBB0003FC8F9 /* Sources */ = {
			isa = PBXSourcesBuildPhase;
			buildActionMask = 2147483647;
			files = (
				69E1FD472B88E089003FC8F9 /* ListPage.swift in Sources */,
				69E1FD452B88E06F003FC8F9 /* DetailPageViewModel.swift in Sources */,
				69D777D82B8BCD3A00E8E7DA /* View+Extension.swift in Sources */,
				69AF5F7F2B8CF667003C4E41 /* KingfisherManager+Extension.swift in Sources */,
				69E1FD422B88E053003FC8F9 /* ListPageViewModel.swift in Sources */,
				69E1FD492B88E0A6003FC8F9 /* DetailPage.swift in Sources */,
				6923792D2B89A1DF00167287 /* Theme.swift in Sources */,
				69D777DC2B8C2C0000E8E7DA /* KingfisherImageView.swift in Sources */,
				69D777D62B8BCB9300E8E7DA /* CatDetailContent.swift in Sources */,
				692379312B89ACA100167287 /* String+Extension.swift in Sources */,
				69D777CE2B8AF8C500E8E7DA /* ImageSaver.swift in Sources */,
				69E1FD092B88DBB0003FC8F9 /* AllCatPicsApp.swift in Sources */,
				6923792F2B89AC6900167287 /* Card.swift in Sources */,
				692379352B89B9DB00167287 /* TagsView.swift in Sources */,
				69D777D42B8AFC1600E8E7DA /* Binding+Extension.swift in Sources */,
				69E1FD342B88DF3F003FC8F9 /* Cat.swift in Sources */,
				69E1FD382B88DFB5003FC8F9 /* CatAPI.swift in Sources */,
				69E1FD3E2B88E01D003FC8F9 /* CatRepository.swift in Sources */,
				69D777DF2B8CA21000E8E7DA /* DIContainer.swift in Sources */,
				69D777E22B8CA7DF00E8E7DA /* Alert.swift in Sources */,
				69E1FD3B2B88DFFA003FC8F9 /* CatLocalStorage.swift in Sources */,
				69D777E42B8CA8B200E8E7DA /* CatAPIEndpoints.swift in Sources */,
			);
			runOnlyForDeploymentPostprocessing = 0;
		};
		69E1FD122B88DBB3003FC8F9 /* Sources */ = {
			isa = PBXSourcesBuildPhase;
			buildActionMask = 2147483647;
			files = (
				692379262B899DCB00167287 /* CatLocalStorageTests.swift in Sources */,
				6923791E2B898FF000167287 /* MockCatRepository.swift in Sources */,
				692379292B899ED600167287 /* MockCatAPI.swift in Sources */,
				692379222B89976E00167287 /* CatAPITests.swift in Sources */,
				69AF5F792B8CE557003C4E41 /* DetailPageViewModelTests.swift in Sources */,
				69E1FD1B2B88DBB3003FC8F9 /* CatRepositoryTests.swift in Sources */,
				692379242B89978200167287 /* MockURLSession.swift in Sources */,
				69AF5F7D2B8CF5F1003C4E41 /* MockImageSaver.swift in Sources */,
				692379332B89ACCD00167287 /* NameGeneratorTests.swift in Sources */,
				6923792B2B899EF200167287 /* MockCatLocalStorage.swift in Sources */,
				69D777E62B8CAD1000E8E7DA /* StringExtensionTests.swift in Sources */,
				69AF5F772B8CDFA6003C4E41 /* ListPageViewModelTests.swift in Sources */,
				692379202B89900F00167287 /* Cat+Extension.swift in Sources */,
				69AF5F7B2B8CF5C8003C4E41 /* MockKingfisherManager.swift in Sources */,
			);
			runOnlyForDeploymentPostprocessing = 0;
		};
		69E1FD1C2B88DBB3003FC8F9 /* Sources */ = {
			isa = PBXSourcesBuildPhase;
			buildActionMask = 2147483647;
			files = (
				69DB40102B8A47720010E9AB /* ListPageScreen.swift in Sources */,
				69DB400E2B8A44370010E9AB /* ListPageUITests.swift in Sources */,
				69E1FD272B88DBB3003FC8F9 /* AllCatPicsUITestsLaunchTests.swift in Sources */,
			);
			runOnlyForDeploymentPostprocessing = 0;
		};
/* End PBXSourcesBuildPhase section */

/* Begin PBXTargetDependency section */
		69E1FD182B88DBB3003FC8F9 /* PBXTargetDependency */ = {
			isa = PBXTargetDependency;
			target = 69E1FD042B88DBB0003FC8F9 /* AllCatPics */;
			targetProxy = 69E1FD172B88DBB3003FC8F9 /* PBXContainerItemProxy */;
		};
		69E1FD222B88DBB3003FC8F9 /* PBXTargetDependency */ = {
			isa = PBXTargetDependency;
			target = 69E1FD042B88DBB0003FC8F9 /* AllCatPics */;
			targetProxy = 69E1FD212B88DBB3003FC8F9 /* PBXContainerItemProxy */;
		};
/* End PBXTargetDependency section */

/* Begin XCBuildConfiguration section */
		69E1FD282B88DBB3003FC8F9 /* Debug */ = {
			isa = XCBuildConfiguration;
			buildSettings = {
				ALWAYS_SEARCH_USER_PATHS = NO;
				ASSETCATALOG_COMPILER_GENERATE_SWIFT_ASSET_SYMBOL_EXTENSIONS = YES;
				CLANG_ANALYZER_NONNULL = YES;
				CLANG_ANALYZER_NUMBER_OBJECT_CONVERSION = YES_AGGRESSIVE;
				CLANG_CXX_LANGUAGE_STANDARD = "gnu++20";
				CLANG_ENABLE_MODULES = YES;
				CLANG_ENABLE_OBJC_ARC = YES;
				CLANG_ENABLE_OBJC_WEAK = YES;
				CLANG_WARN_BLOCK_CAPTURE_AUTORELEASING = YES;
				CLANG_WARN_BOOL_CONVERSION = YES;
				CLANG_WARN_COMMA = YES;
				CLANG_WARN_CONSTANT_CONVERSION = YES;
				CLANG_WARN_DEPRECATED_OBJC_IMPLEMENTATIONS = YES;
				CLANG_WARN_DIRECT_OBJC_ISA_USAGE = YES_ERROR;
				CLANG_WARN_DOCUMENTATION_COMMENTS = YES;
				CLANG_WARN_EMPTY_BODY = YES;
				CLANG_WARN_ENUM_CONVERSION = YES;
				CLANG_WARN_INFINITE_RECURSION = YES;
				CLANG_WARN_INT_CONVERSION = YES;
				CLANG_WARN_NON_LITERAL_NULL_CONVERSION = YES;
				CLANG_WARN_OBJC_IMPLICIT_RETAIN_SELF = YES;
				CLANG_WARN_OBJC_LITERAL_CONVERSION = YES;
				CLANG_WARN_OBJC_ROOT_CLASS = YES_ERROR;
				CLANG_WARN_QUOTED_INCLUDE_IN_FRAMEWORK_HEADER = YES;
				CLANG_WARN_RANGE_LOOP_ANALYSIS = YES;
				CLANG_WARN_STRICT_PROTOTYPES = YES;
				CLANG_WARN_SUSPICIOUS_MOVE = YES;
				CLANG_WARN_UNGUARDED_AVAILABILITY = YES_AGGRESSIVE;
				CLANG_WARN_UNREACHABLE_CODE = YES;
				CLANG_WARN__DUPLICATE_METHOD_MATCH = YES;
				COPY_PHASE_STRIP = NO;
				DEBUG_INFORMATION_FORMAT = dwarf;
				ENABLE_STRICT_OBJC_MSGSEND = YES;
				ENABLE_TESTABILITY = YES;
				ENABLE_USER_SCRIPT_SANDBOXING = YES;
				GCC_C_LANGUAGE_STANDARD = gnu17;
				GCC_DYNAMIC_NO_PIC = NO;
				GCC_NO_COMMON_BLOCKS = YES;
				GCC_OPTIMIZATION_LEVEL = 0;
				GCC_PREPROCESSOR_DEFINITIONS = (
					"DEBUG=1",
					"$(inherited)",
				);
				GCC_WARN_64_TO_32_BIT_CONVERSION = YES;
				GCC_WARN_ABOUT_RETURN_TYPE = YES_ERROR;
				GCC_WARN_UNDECLARED_SELECTOR = YES;
				GCC_WARN_UNINITIALIZED_AUTOS = YES_AGGRESSIVE;
				GCC_WARN_UNUSED_FUNCTION = YES;
				GCC_WARN_UNUSED_VARIABLE = YES;
				LOCALIZATION_PREFERS_STRING_CATALOGS = YES;
				MTL_ENABLE_DEBUG_INFO = INCLUDE_SOURCE;
				MTL_FAST_MATH = YES;
				ONLY_ACTIVE_ARCH = YES;
				SWIFT_ACTIVE_COMPILATION_CONDITIONS = "DEBUG $(inherited)";
				SWIFT_OPTIMIZATION_LEVEL = "-Onone";
			};
			name = Debug;
		};
		69E1FD292B88DBB3003FC8F9 /* Release */ = {
			isa = XCBuildConfiguration;
			buildSettings = {
				ALWAYS_SEARCH_USER_PATHS = NO;
				ASSETCATALOG_COMPILER_GENERATE_SWIFT_ASSET_SYMBOL_EXTENSIONS = YES;
				CLANG_ANALYZER_NONNULL = YES;
				CLANG_ANALYZER_NUMBER_OBJECT_CONVERSION = YES_AGGRESSIVE;
				CLANG_CXX_LANGUAGE_STANDARD = "gnu++20";
				CLANG_ENABLE_MODULES = YES;
				CLANG_ENABLE_OBJC_ARC = YES;
				CLANG_ENABLE_OBJC_WEAK = YES;
				CLANG_WARN_BLOCK_CAPTURE_AUTORELEASING = YES;
				CLANG_WARN_BOOL_CONVERSION = YES;
				CLANG_WARN_COMMA = YES;
				CLANG_WARN_CONSTANT_CONVERSION = YES;
				CLANG_WARN_DEPRECATED_OBJC_IMPLEMENTATIONS = YES;
				CLANG_WARN_DIRECT_OBJC_ISA_USAGE = YES_ERROR;
				CLANG_WARN_DOCUMENTATION_COMMENTS = YES;
				CLANG_WARN_EMPTY_BODY = YES;
				CLANG_WARN_ENUM_CONVERSION = YES;
				CLANG_WARN_INFINITE_RECURSION = YES;
				CLANG_WARN_INT_CONVERSION = YES;
				CLANG_WARN_NON_LITERAL_NULL_CONVERSION = YES;
				CLANG_WARN_OBJC_IMPLICIT_RETAIN_SELF = YES;
				CLANG_WARN_OBJC_LITERAL_CONVERSION = YES;
				CLANG_WARN_OBJC_ROOT_CLASS = YES_ERROR;
				CLANG_WARN_QUOTED_INCLUDE_IN_FRAMEWORK_HEADER = YES;
				CLANG_WARN_RANGE_LOOP_ANALYSIS = YES;
				CLANG_WARN_STRICT_PROTOTYPES = YES;
				CLANG_WARN_SUSPICIOUS_MOVE = YES;
				CLANG_WARN_UNGUARDED_AVAILABILITY = YES_AGGRESSIVE;
				CLANG_WARN_UNREACHABLE_CODE = YES;
				CLANG_WARN__DUPLICATE_METHOD_MATCH = YES;
				COPY_PHASE_STRIP = NO;
				DEBUG_INFORMATION_FORMAT = "dwarf-with-dsym";
				ENABLE_NS_ASSERTIONS = NO;
				ENABLE_STRICT_OBJC_MSGSEND = YES;
				ENABLE_USER_SCRIPT_SANDBOXING = YES;
				GCC_C_LANGUAGE_STANDARD = gnu17;
				GCC_NO_COMMON_BLOCKS = YES;
				GCC_WARN_64_TO_32_BIT_CONVERSION = YES;
				GCC_WARN_ABOUT_RETURN_TYPE = YES_ERROR;
				GCC_WARN_UNDECLARED_SELECTOR = YES;
				GCC_WARN_UNINITIALIZED_AUTOS = YES_AGGRESSIVE;
				GCC_WARN_UNUSED_FUNCTION = YES;
				GCC_WARN_UNUSED_VARIABLE = YES;
				LOCALIZATION_PREFERS_STRING_CATALOGS = YES;
				MTL_ENABLE_DEBUG_INFO = NO;
				MTL_FAST_MATH = YES;
				SWIFT_COMPILATION_MODE = wholemodule;
			};
			name = Release;
		};
		69E1FD2B2B88DBB3003FC8F9 /* Debug */ = {
			isa = XCBuildConfiguration;
			buildSettings = {
				ASSETCATALOG_COMPILER_APPICON_NAME = AppIcon;
				ASSETCATALOG_COMPILER_GLOBAL_ACCENT_COLOR_NAME = AccentColor;
				CODE_SIGN_ENTITLEMENTS = AllCatPics/AllCatPics.entitlements;
				CODE_SIGN_STYLE = Automatic;
				CURRENT_PROJECT_VERSION = 1;
				DEVELOPMENT_ASSET_PATHS = "\"AllCatPics/Preview Content\"";
				DEVELOPMENT_TEAM = RWZ986VC89;
				ENABLE_HARDENED_RUNTIME = YES;
				ENABLE_PREVIEWS = YES;
				GENERATE_INFOPLIST_FILE = YES;
				INFOPLIST_KEY_NSPhotoLibraryAddUsageDescription = "This app requires access to save photos.";
				"INFOPLIST_KEY_UIApplicationSceneManifest_Generation[sdk=iphoneos*]" = YES;
				"INFOPLIST_KEY_UIApplicationSceneManifest_Generation[sdk=iphonesimulator*]" = YES;
				"INFOPLIST_KEY_UIApplicationSupportsIndirectInputEvents[sdk=iphoneos*]" = YES;
				"INFOPLIST_KEY_UIApplicationSupportsIndirectInputEvents[sdk=iphonesimulator*]" = YES;
				"INFOPLIST_KEY_UILaunchScreen_Generation[sdk=iphoneos*]" = YES;
				"INFOPLIST_KEY_UILaunchScreen_Generation[sdk=iphonesimulator*]" = YES;
				"INFOPLIST_KEY_UIStatusBarStyle[sdk=iphoneos*]" = UIStatusBarStyleDefault;
				"INFOPLIST_KEY_UIStatusBarStyle[sdk=iphonesimulator*]" = UIStatusBarStyleDefault;
				INFOPLIST_KEY_UISupportedInterfaceOrientations_iPad = "UIInterfaceOrientationPortrait UIInterfaceOrientationPortraitUpsideDown UIInterfaceOrientationLandscapeLeft UIInterfaceOrientationLandscapeRight";
				INFOPLIST_KEY_UISupportedInterfaceOrientations_iPhone = "UIInterfaceOrientationPortrait UIInterfaceOrientationLandscapeLeft UIInterfaceOrientationLandscapeRight";
				IPHONEOS_DEPLOYMENT_TARGET = 15.0;
				LD_RUNPATH_SEARCH_PATHS = "@executable_path/Frameworks";
				"LD_RUNPATH_SEARCH_PATHS[sdk=macosx*]" = "@executable_path/../Frameworks";
				MACOSX_DEPLOYMENT_TARGET = 14.2;
				MARKETING_VERSION = 1.0;
				OTHER_LDFLAGS = "-ObjC";
				PRODUCT_BUNDLE_IDENTIFIER = com.jatezzz.ios.AllCatPics;
				PRODUCT_NAME = "$(TARGET_NAME)";
				SDKROOT = auto;
				SUPPORTED_PLATFORMS = "iphoneos iphonesimulator";
				SUPPORTS_MACCATALYST = NO;
				SWIFT_EMIT_LOC_STRINGS = YES;
				SWIFT_VERSION = 5.0;
				TARGETED_DEVICE_FAMILY = "1,2";
			};
			name = Debug;
		};
		69E1FD2C2B88DBB3003FC8F9 /* Release */ = {
			isa = XCBuildConfiguration;
			buildSettings = {
				ASSETCATALOG_COMPILER_APPICON_NAME = AppIcon;
				ASSETCATALOG_COMPILER_GLOBAL_ACCENT_COLOR_NAME = AccentColor;
				CODE_SIGN_ENTITLEMENTS = AllCatPics/AllCatPics.entitlements;
				CODE_SIGN_STYLE = Automatic;
				CURRENT_PROJECT_VERSION = 1;
				DEVELOPMENT_ASSET_PATHS = "\"AllCatPics/Preview Content\"";
				DEVELOPMENT_TEAM = RWZ986VC89;
				ENABLE_HARDENED_RUNTIME = YES;
				ENABLE_PREVIEWS = YES;
				GENERATE_INFOPLIST_FILE = YES;
				INFOPLIST_KEY_NSPhotoLibraryAddUsageDescription = "This app requires access to save photos.";
				"INFOPLIST_KEY_UIApplicationSceneManifest_Generation[sdk=iphoneos*]" = YES;
				"INFOPLIST_KEY_UIApplicationSceneManifest_Generation[sdk=iphonesimulator*]" = YES;
				"INFOPLIST_KEY_UIApplicationSupportsIndirectInputEvents[sdk=iphoneos*]" = YES;
				"INFOPLIST_KEY_UIApplicationSupportsIndirectInputEvents[sdk=iphonesimulator*]" = YES;
				"INFOPLIST_KEY_UILaunchScreen_Generation[sdk=iphoneos*]" = YES;
				"INFOPLIST_KEY_UILaunchScreen_Generation[sdk=iphonesimulator*]" = YES;
				"INFOPLIST_KEY_UIStatusBarStyle[sdk=iphoneos*]" = UIStatusBarStyleDefault;
				"INFOPLIST_KEY_UIStatusBarStyle[sdk=iphonesimulator*]" = UIStatusBarStyleDefault;
				INFOPLIST_KEY_UISupportedInterfaceOrientations_iPad = "UIInterfaceOrientationPortrait UIInterfaceOrientationPortraitUpsideDown UIInterfaceOrientationLandscapeLeft UIInterfaceOrientationLandscapeRight";
				INFOPLIST_KEY_UISupportedInterfaceOrientations_iPhone = "UIInterfaceOrientationPortrait UIInterfaceOrientationLandscapeLeft UIInterfaceOrientationLandscapeRight";
				IPHONEOS_DEPLOYMENT_TARGET = 15.0;
				LD_RUNPATH_SEARCH_PATHS = "@executable_path/Frameworks";
				"LD_RUNPATH_SEARCH_PATHS[sdk=macosx*]" = "@executable_path/../Frameworks";
				MACOSX_DEPLOYMENT_TARGET = 14.2;
				MARKETING_VERSION = 1.0;
				OTHER_LDFLAGS = "-ObjC";
				PRODUCT_BUNDLE_IDENTIFIER = com.jatezzz.ios.AllCatPics;
				PRODUCT_NAME = "$(TARGET_NAME)";
				SDKROOT = auto;
				SUPPORTED_PLATFORMS = "iphoneos iphonesimulator";
				SUPPORTS_MACCATALYST = NO;
				SWIFT_EMIT_LOC_STRINGS = YES;
				SWIFT_VERSION = 5.0;
				TARGETED_DEVICE_FAMILY = "1,2";
			};
			name = Release;
		};
		69E1FD2E2B88DBB3003FC8F9 /* Debug */ = {
			isa = XCBuildConfiguration;
			buildSettings = {
				ALWAYS_EMBED_SWIFT_STANDARD_LIBRARIES = YES;
				BUNDLE_LOADER = "$(TEST_HOST)";
				CODE_SIGN_STYLE = Automatic;
				CURRENT_PROJECT_VERSION = 1;
				DEVELOPMENT_TEAM = J3UQ8BC82P;
				GENERATE_INFOPLIST_FILE = YES;
				IPHONEOS_DEPLOYMENT_TARGET = 17.2;
				MACOSX_DEPLOYMENT_TARGET = 14.2;
				MARKETING_VERSION = 1.0;
				PRODUCT_BUNDLE_IDENTIFIER = com.jatezzz.ios.AllCatPicsTests;
				PRODUCT_NAME = "$(TARGET_NAME)";
				SDKROOT = auto;
				SUPPORTED_PLATFORMS = "iphoneos iphonesimulator macosx";
				SWIFT_EMIT_LOC_STRINGS = NO;
				SWIFT_VERSION = 5.0;
				TARGETED_DEVICE_FAMILY = "1,2";
				TEST_HOST = "$(BUILT_PRODUCTS_DIR)/AllCatPics.app/$(BUNDLE_EXECUTABLE_FOLDER_PATH)/AllCatPics";
			};
			name = Debug;
		};
		69E1FD2F2B88DBB3003FC8F9 /* Release */ = {
			isa = XCBuildConfiguration;
			buildSettings = {
				ALWAYS_EMBED_SWIFT_STANDARD_LIBRARIES = YES;
				BUNDLE_LOADER = "$(TEST_HOST)";
				CODE_SIGN_STYLE = Automatic;
				CURRENT_PROJECT_VERSION = 1;
				DEVELOPMENT_TEAM = J3UQ8BC82P;
				GENERATE_INFOPLIST_FILE = YES;
				IPHONEOS_DEPLOYMENT_TARGET = 17.2;
				MACOSX_DEPLOYMENT_TARGET = 14.2;
				MARKETING_VERSION = 1.0;
				PRODUCT_BUNDLE_IDENTIFIER = com.jatezzz.ios.AllCatPicsTests;
				PRODUCT_NAME = "$(TARGET_NAME)";
				SDKROOT = auto;
				SUPPORTED_PLATFORMS = "iphoneos iphonesimulator macosx";
				SWIFT_EMIT_LOC_STRINGS = NO;
				SWIFT_VERSION = 5.0;
				TARGETED_DEVICE_FAMILY = "1,2";
				TEST_HOST = "$(BUILT_PRODUCTS_DIR)/AllCatPics.app/$(BUNDLE_EXECUTABLE_FOLDER_PATH)/AllCatPics";
			};
			name = Release;
		};
		69E1FD312B88DBB3003FC8F9 /* Debug */ = {
			isa = XCBuildConfiguration;
			buildSettings = {
				ALWAYS_EMBED_SWIFT_STANDARD_LIBRARIES = YES;
				CODE_SIGN_STYLE = Automatic;
				CURRENT_PROJECT_VERSION = 1;
				DEVELOPMENT_TEAM = RWZ986VC89;
				GENERATE_INFOPLIST_FILE = YES;
				INFOPLIST_FILE = "";
				IPHONEOS_DEPLOYMENT_TARGET = 17.2;
				MACOSX_DEPLOYMENT_TARGET = 14.2;
				MARKETING_VERSION = 1.0;
				OTHER_LDFLAGS = "-ObjC";
				PRODUCT_BUNDLE_IDENTIFIER = com.jatezzz.ios.AllCatPicsUITests;
				PRODUCT_NAME = "$(TARGET_NAME)";
				SDKROOT = auto;
				SUPPORTED_PLATFORMS = "iphoneos iphonesimulator macosx";
				SWIFT_EMIT_LOC_STRINGS = NO;
				SWIFT_VERSION = 5.0;
				TARGETED_DEVICE_FAMILY = "1,2";
				TEST_TARGET_NAME = AllCatPics;
			};
			name = Debug;
		};
		69E1FD322B88DBB3003FC8F9 /* Release */ = {
			isa = XCBuildConfiguration;
			buildSettings = {
				ALWAYS_EMBED_SWIFT_STANDARD_LIBRARIES = YES;
				CODE_SIGN_STYLE = Automatic;
				CURRENT_PROJECT_VERSION = 1;
				DEVELOPMENT_TEAM = RWZ986VC89;
				GENERATE_INFOPLIST_FILE = YES;
				INFOPLIST_FILE = "";
				IPHONEOS_DEPLOYMENT_TARGET = 17.2;
				MACOSX_DEPLOYMENT_TARGET = 14.2;
				MARKETING_VERSION = 1.0;
				OTHER_LDFLAGS = "-ObjC";
				PRODUCT_BUNDLE_IDENTIFIER = com.jatezzz.ios.AllCatPicsUITests;
				PRODUCT_NAME = "$(TARGET_NAME)";
				SDKROOT = auto;
				SUPPORTED_PLATFORMS = "iphoneos iphonesimulator macosx";
				SWIFT_EMIT_LOC_STRINGS = NO;
				SWIFT_VERSION = 5.0;
				TARGETED_DEVICE_FAMILY = "1,2";
				TEST_TARGET_NAME = AllCatPics;
			};
			name = Release;
		};
/* End XCBuildConfiguration section */

/* Begin XCConfigurationList section */
		69E1FD002B88DBB0003FC8F9 /* Build configuration list for PBXProject "AllCatPics" */ = {
			isa = XCConfigurationList;
			buildConfigurations = (
				69E1FD282B88DBB3003FC8F9 /* Debug */,
				69E1FD292B88DBB3003FC8F9 /* Release */,
			);
			defaultConfigurationIsVisible = 0;
			defaultConfigurationName = Release;
		};
		69E1FD2A2B88DBB3003FC8F9 /* Build configuration list for PBXNativeTarget "AllCatPics" */ = {
			isa = XCConfigurationList;
			buildConfigurations = (
				69E1FD2B2B88DBB3003FC8F9 /* Debug */,
				69E1FD2C2B88DBB3003FC8F9 /* Release */,
			);
			defaultConfigurationIsVisible = 0;
			defaultConfigurationName = Release;
		};
		69E1FD2D2B88DBB3003FC8F9 /* Build configuration list for PBXNativeTarget "AllCatPicsTests" */ = {
			isa = XCConfigurationList;
			buildConfigurations = (
				69E1FD2E2B88DBB3003FC8F9 /* Debug */,
				69E1FD2F2B88DBB3003FC8F9 /* Release */,
			);
			defaultConfigurationIsVisible = 0;
			defaultConfigurationName = Release;
		};
		69E1FD302B88DBB3003FC8F9 /* Build configuration list for PBXNativeTarget "AllCatPicsUITests" */ = {
			isa = XCConfigurationList;
			buildConfigurations = (
				69E1FD312B88DBB3003FC8F9 /* Debug */,
				69E1FD322B88DBB3003FC8F9 /* Release */,
			);
			defaultConfigurationIsVisible = 0;
			defaultConfigurationName = Release;
		};
/* End XCConfigurationList section */

/* Begin XCRemoteSwiftPackageReference section */
		695032832B89528A00A6CB56 /* XCRemoteSwiftPackageReference "Kingfisher" */ = {
			isa = XCRemoteSwiftPackageReference;
			repositoryURL = "https://github.com/onevcat/Kingfisher.git";
			requirement = {
				kind = upToNextMajorVersion;
				minimumVersion = 7.11.0;
			};
		};
		69DB401B2B8A9C3E0010E9AB /* XCRemoteSwiftPackageReference "SBTUITestTunnel" */ = {
			isa = XCRemoteSwiftPackageReference;
			repositoryURL = "https://github.com/Subito-it/SBTUITestTunnel";
			requirement = {
				kind = revision;
				revision = 906baf0943b5f76e6ee0125844efd80e5a2d1b1d;
			};
		};
/* End XCRemoteSwiftPackageReference section */

/* Begin XCSwiftPackageProductDependency section */
		695032842B89528A00A6CB56 /* Kingfisher */ = {
			isa = XCSwiftPackageProductDependency;
			package = 695032832B89528A00A6CB56 /* XCRemoteSwiftPackageReference "Kingfisher" */;
			productName = Kingfisher;
		};
		69DB401C2B8A9C3E0010E9AB /* SBTUITestTunnelClient */ = {
			isa = XCSwiftPackageProductDependency;
			package = 69DB401B2B8A9C3E0010E9AB /* XCRemoteSwiftPackageReference "SBTUITestTunnel" */;
			productName = SBTUITestTunnelClient;
		};
		69DB401E2B8A9C3E0010E9AB /* SBTUITestTunnelServer */ = {
			isa = XCSwiftPackageProductDependency;
			package = 69DB401B2B8A9C3E0010E9AB /* XCRemoteSwiftPackageReference "SBTUITestTunnel" */;
			productName = SBTUITestTunnelServer;
		};
/* End XCSwiftPackageProductDependency section */
	};
	rootObject = 69E1FCFD2B88DBB0003FC8F9 /* Project object */;
}
